
Microsoft Visual Studio Solution File, Format Version 12.00
# Visual Studio Version 17
VisualStudioVersion = 17.4.33213.308
MinimumVisualStudioVersion = 10.0.40219.1
Project("{9A19103F-16F7-4668-BE54-9A1E7A4F7556}") = "FWScan.EventTrackerService", "FWScanEventTrackerService\FWScan.EventTrackerService.csproj", "{06AD2C89-F911-4078-8387-2565FC0B3F62}"
EndProject
Project("{FAE04EC0-301F-11D3-BF4B-00C04F79EFBC}") = "FWScan.EventAPI", "ScanEventAPI\FWScan.EventAPI.csproj", "{9C0CA037-95B6-4B09-B550-2A030D3FF5BB}"
EndProject
Project("{FAE04EC0-301F-11D3-BF4B-00C04F79EFBC}") = "FWScan.Models", "FWFISModels\FWScan.Models.csproj", "{CB1ED3BD-6DC7-429F-8B0A-F4C8454DC6A4}"
EndProject
Global
	GlobalSection(SolutionConfigurationPlatforms) = preSolution
		Debug|Any CPU = Debug|Any CPU
		Release|Any CPU = Release|Any CPU
	EndGlobalSection
	GlobalSection(ProjectConfigurationPlatforms) = postSolution
		{06AD2C89-F911-4078-8387-2565FC0B3F62}.Debug|Any CPU.ActiveCfg = Debug|Any CPU
		{06AD2C89-F911-4078-8387-2565FC0B3F62}.Debug|Any CPU.Build.0 = Debug|Any CPU
		{06AD2C89-F911-4078-8387-2565FC0B3F62}.Release|Any CPU.ActiveCfg = Release|Any CPU
		{06AD2C89-F911-4078-8387-2565FC0B3F62}.Release|Any CPU.Build.0 = Release|Any CPU
		{9C0CA037-95B6-4B09-B550-2A030D3FF5BB}.Debug|Any CPU.ActiveCfg = Debug|Any CPU
		{9C0CA037-95B6-4B09-B550-2A030D3FF5BB}.Debug|Any CPU.Build.0 = Debug|Any CPU
		{9C0CA037-95B6-4B09-B550-2A030D3FF5BB}.Release|Any CPU.ActiveCfg = Release|Any CPU
		{9C0CA037-95B6-4B09-B550-2A030D3FF5BB}.Release|Any CPU.Build.0 = Release|Any CPU
		{CB1ED3BD-6DC7-429F-8B0A-F4C8454DC6A4}.Debug|Any CPU.ActiveCfg = Debug|Any CPU
		{CB1ED3BD-6DC7-429F-8B0A-F4C8454DC6A4}.Debug|Any CPU.Build.0 = Debug|Any CPU
		{CB1ED3BD-6DC7-429F-8B0A-F4C8454DC6A4}.Release|Any CPU.ActiveCfg = Release|Any CPU
		{CB1ED3BD-6DC7-429F-8B0A-F4C8454DC6A4}.Release|Any CPU.Build.0 = Release|Any CPU
	EndGlobalSection
	GlobalSection(SolutionProperties) = preSolution
		HideSolutionNode = FALSE
	EndGlobalSection
	GlobalSection(ExtensibilityGlobals) = postSolution
		SolutionGuid = {805BD3B2-B86F-4686-A249-4261F38B2318}
	EndGlobalSection
EndGlobal
